# This file is automatically @generated by Wally.
# It is not intended for manual editing.
registry = "test"

[[package]]
name = "evaera/promise"
version = "4.0.0"
dependencies = []

[[package]]
name = "kboltiz/Andromeda"
version = "0.1.0"
dependencies = [["Component", "sleitnick/component@2.4.8"], ["EnumList", "sleitnick/enum-list@2.1.0"], ["Promise", "evaera/promise@4.0.0"], ["ReFX", "wad4444/refx@0.3.2"], ["Signal", "sleitnick/signal@2.0.1"], ["Tree", "sleitnick/tree@1.1.0"], ["Trove", "sleitnick/trove@1.4.0"]]

[[package]]
name = "littensy/remo"
version = "1.5.0"
dependencies = [["Promise", "evaera/promise@4.0.0"]]

[[package]]
name = "osyrisrblx/t"
version = "3.1.1"
dependencies = []

[[package]]
name = "sleitnick/component"
version = "2.4.8"
dependencies = [["Promise", "evaera/promise@4.0.0"], ["Signal", "sleitnick/signal@2.0.1"], ["Symbol", "sleitnick/symbol@2.0.1"], ["Trove", "sleitnick/trove@1.4.0"]]

[[package]]
name = "sleitnick/enum-list"
version = "2.1.0"
dependencies = []

[[package]]
name = "sleitnick/signal"
version = "2.0.1"
dependencies = []

[[package]]
name = "sleitnick/symbol"
version = "2.0.1"
dependencies = []

[[package]]
name = "sleitnick/tree"
version = "1.1.0"
dependencies = []

[[package]]
name = "sleitnick/trove"
version = "1.4.0"
dependencies = []

[[package]]
name = "wad4444/refx"
version = "0.3.2"
dependencies = [["remo", "littensy/remo@1.5.0"], ["signal", "sleitnick/signal@2.0.1"], ["t", "osyrisrblx/t@3.1.1"]]
